
Microsoft Visual Studio Solution File, Format Version 12.00
# Visual Studio Version 16
VisualStudioVersion = 16.0.28803.202
MinimumVisualStudioVersion = 10.0.40219.1
Project("{888888A0-9F3D-457C-B088-3A5042F75D52}") = "Penniless_Pigrim_Permutations", "Penniless_Pigrim_Permutations\Penniless_Pigrim_Permutations.pyproj", "{D91456AF-6308-458A-8434-F1CB779FFA39}"
EndProject
Global
	GlobalSection(SolutionConfigurationPlatforms) = preSolution
		Debug|Any CPU = Debug|Any CPU
		Release|Any CPU = Release|Any CPU
	EndGlobalSection
	GlobalSection(ProjectConfigurationPlatforms) = postSolution
		{D91456AF-6308-458A-8434-F1CB779FFA39}.Debug|Any CPU.ActiveCfg = Debug|Any CPU
		{D91456AF-6308-458A-8434-F1CB779FFA39}.Release|Any CPU.ActiveCfg = Release|Any CPU
	EndGlobalSection
	GlobalSection(SolutionProperties) = preSolution
		HideSolutionNode = FALSE
	EndGlobalSection
	GlobalSection(ExtensibilityGlobals) = postSolution
		SolutionGuid = {A0CFDF62-C4FB-4E7A-AB5F-5F80321A575B}
	EndGlobalSection
EndGlobal
